{
  "name": "dulinan",
  "version": "1.0.0",
  "lockfileVersion": 1,
  "requires": true,
  "dependencies": {
    "morris": {
      "version": "0.1.4",
      "resolved": "https://registry.npmjs.org/morris/-/morris-0.1.4.tgz",
      "integrity": "sha512-VngPoM/QOH0iX26Mu8oLiJ/lz3cmCzAEaJ5hgsLlFzZFudYstsRLq7dQBJT6aE9pOcdfqh9wUOnqompMBd1u9A==",
      "requires": {
        "morrisboard": "0.0.1"
      }
    },
    "morrisboard": {
      "version": "0.0.1",
      "resolved": "https://registry.npmjs.org/morrisboard/-/morrisboard-0.0.1.tgz",
      "integrity": "sha512-SuSRffG9/OQCD2R5KsWjSStZsGsOiAr5gX7V/o1vVaNmBdFi/4TZGncLS+RPlI7+Fp1HJGLACAF04zqWpEL+oQ=="
    }
  }
}
